
Microsoft Visual Studio Solution File, Format Version 12.00
# Visual Studio Version 16
VisualStudioVersion = 16.0.29709.97
MinimumVisualStudioVersion = 10.0.40219.1
Project("{FAE04EC0-301F-11D3-BF4B-00C04F79EFBC}") = "Generation Zero Save File Modder", "Generation Zero Save File Modder.csproj", "{F7DA289D-607C-48B5-9DB1-12C79D661FCD}"
EndProject
Global
	GlobalSection(SolutionConfigurationPlatforms) = preSolution
		Debug|Any CPU = Debug|Any CPU
		Release|Any CPU = Release|Any CPU
	EndGlobalSection
	GlobalSection(ProjectConfigurationPlatforms) = postSolution
		{F7DA289D-607C-48B5-9DB1-12C79D661FCD}.Debug|Any CPU.ActiveCfg = Debug|Any CPU
		{F7DA289D-607C-48B5-9DB1-12C79D661FCD}.Debug|Any CPU.Build.0 = Debug|Any CPU
		{F7DA289D-607C-48B5-9DB1-12C79D661FCD}.Release|Any CPU.ActiveCfg = Release|Any CPU
		{F7DA289D-607C-48B5-9DB1-12C79D661FCD}.Release|Any CPU.Build.0 = Release|Any CPU
	EndGlobalSection
	GlobalSection(SolutionProperties) = preSolution
		HideSolutionNode = FALSE
	EndGlobalSection
	GlobalSection(ExtensibilityGlobals) = postSolution
		SolutionGuid = {07861C70-8D36-471F-B4AB-E8C594116188}
	EndGlobalSection
EndGlobal
